// !$*UTF8*$!
{
	archiveVersion = 1;
	classes = {
	};
	objectVersion = 50;
	objects = {

/* Begin PBXBuildFile section */
		9A222B8521502501006CD534 /* Category.m in Sources */ = {isa = PBXBuildFile; fileRef = 9A222B8421502501006CD534 /* Category.m */; };
		9A222B8821502924006CD534 /* Note.m in Sources */ = {isa = PBXBuildFile; fileRef = 9A222B8721502924006CD534 /* Note.m */; };
		9A222B8D21502C98006CD534 /* FileLoadingStrategy.m in Sources */ = {isa = PBXBuildFile; fileRef = 9A222B8C21502C98006CD534 /* FileLoadingStrategy.m */; };
		9A222B8F2150372E006CD534 /* EntityManager.m in Sources */ = {isa = PBXBuildFile; fileRef = 9A222B8E2150372E006CD534 /* EntityManager.m */; };
		9A879A18214FFFCB000C5DEB /* AppDelegate.m in Sources */ = {isa = PBXBuildFile; fileRef = 9A879A17214FFFCB000C5DEB /* AppDelegate.m */; };
		9A879A1B214FFFCB000C5DEB /* MainViewController.m in Sources */ = {isa = PBXBuildFile; fileRef = 9A879A1A214FFFCB000C5DEB /* MainViewController.m */; };
		9A879A1E214FFFCB000C5DEB /* Main.storyboard in Resources */ = {isa = PBXBuildFile; fileRef = 9A879A1C214FFFCB000C5DEB /* Main.storyboard */; };
		9A879A20214FFFCC000C5DEB /* Assets.xcassets in Resources */ = {isa = PBXBuildFile; fileRef = 9A879A1F214FFFCC000C5DEB /* Assets.xcassets */; };
		9A879A23214FFFCC000C5DEB /* LaunchScreen.storyboard in Resources */ = {isa = PBXBuildFile; fileRef = 9A879A21214FFFCC000C5DEB /* LaunchScreen.storyboard */; };
		9A879A26214FFFCC000C5DEB /* main.m in Sources */ = {isa = PBXBuildFile; fileRef = 9A879A25214FFFCC000C5DEB /* main.m */; };
		9A879A2D2150072A000C5DEB /* notes.json in Resources */ = {isa = PBXBuildFile; fileRef = 9A879A2C2150072A000C5DEB /* notes.json */; };
		9A89ACBA2154388700061B67 /* WebServiceLoadingStrategy.m in Sources */ = {isa = PBXBuildFile; fileRef = 9A89ACB92154388700061B67 /* WebServiceLoadingStrategy.m */; };
		9AC94DE921557E1F00A221CD /* JSONParser.m in Sources */ = {isa = PBXBuildFile; fileRef = 9AC94DE821557E1F00A221CD /* JSONParser.m */; };
		9ADC2A012152DCD70060A067 /* NoteTableCell.xib in Resources */ = {isa = PBXBuildFile; fileRef = 9ADC2A002152DCD70060A067 /* NoteTableCell.xib */; };
		9ADC2A042152E0A70060A067 /* NoteTableCell.m in Sources */ = {isa = PBXBuildFile; fileRef = 9ADC2A032152E0A70060A067 /* NoteTableCell.m */; };
/* End PBXBuildFile section */

/* Begin PBXFileReference section */
		9A07C2DE2155854D00165DE3 /* LoadingStrategy.h */ = {isa = PBXFileReference; lastKnownFileType = sourcecode.c.h; path = LoadingStrategy.h; sourceTree = "<group>"; };
		9A222B8421502501006CD534 /* Category.m */ = {isa = PBXFileReference; lastKnownFileType = sourcecode.c.objc; path = Category.m; sourceTree = "<group>"; };
		9A222B862150272D006CD534 /* Note.h */ = {isa = PBXFileReference; lastKnownFileType = sourcecode.c.h; path = Note.h; sourceTree = "<group>"; };
		9A222B8721502924006CD534 /* Note.m */ = {isa = PBXFileReference; lastKnownFileType = sourcecode.c.objc; path = Note.m; sourceTree = "<group>"; };
		9A222B8A21502B78006CD534 /* EntityManager.h */ = {isa = PBXFileReference; lastKnownFileType = sourcecode.c.h; path = EntityManager.h; sourceTree = "<group>"; };
		9A222B8B21502BE3006CD534 /* FileLoadingStrategy.h */ = {isa = PBXFileReference; lastKnownFileType = sourcecode.c.h; path = FileLoadingStrategy.h; sourceTree = "<group>"; };
		9A222B8C21502C98006CD534 /* FileLoadingStrategy.m */ = {isa = PBXFileReference; lastKnownFileType = sourcecode.c.objc; path = FileLoadingStrategy.m; sourceTree = "<group>"; };
		9A222B8E2150372E006CD534 /* EntityManager.m */ = {isa = PBXFileReference; lastKnownFileType = sourcecode.c.objc; path = EntityManager.m; sourceTree = "<group>"; };
		9A879A13214FFFCB000C5DEB /* Notesapp.app */ = {isa = PBXFileReference; explicitFileType = wrapper.application; includeInIndex = 0; path = Notesapp.app; sourceTree = BUILT_PRODUCTS_DIR; };
		9A879A16214FFFCB000C5DEB /* AppDelegate.h */ = {isa = PBXFileReference; lastKnownFileType = sourcecode.c.h; path = AppDelegate.h; sourceTree = "<group>"; };
		9A879A17214FFFCB000C5DEB /* AppDelegate.m */ = {isa = PBXFileReference; lastKnownFileType = sourcecode.c.objc; path = AppDelegate.m; sourceTree = "<group>"; };
		9A879A19214FFFCB000C5DEB /* MainViewController.h */ = {isa = PBXFileReference; lastKnownFileType = sourcecode.c.h; path = MainViewController.h; sourceTree = "<group>"; };
		9A879A1A214FFFCB000C5DEB /* MainViewController.m */ = {isa = PBXFileReference; lastKnownFileType = sourcecode.c.objc; path = MainViewController.m; sourceTree = "<group>"; };
		9A879A1D214FFFCB000C5DEB /* Base */ = {isa = PBXFileReference; lastKnownFileType = file.storyboard; name = Base; path = Base.lproj/Main.storyboard; sourceTree = "<group>"; };
		9A879A1F214FFFCC000C5DEB /* Assets.xcassets */ = {isa = PBXFileReference; lastKnownFileType = folder.assetcatalog; path = Assets.xcassets; sourceTree = "<group>"; };
		9A879A22214FFFCC000C5DEB /* Base */ = {isa = PBXFileReference; lastKnownFileType = file.storyboard; name = Base; path = Base.lproj/LaunchScreen.storyboard; sourceTree = "<group>"; };
		9A879A24214FFFCC000C5DEB /* Info.plist */ = {isa = PBXFileReference; lastKnownFileType = text.plist.xml; path = Info.plist; sourceTree = "<group>"; };
		9A879A25214FFFCC000C5DEB /* main.m */ = {isa = PBXFileReference; lastKnownFileType = sourcecode.c.objc; path = main.m; sourceTree = "<group>"; };
		9A879A2C2150072A000C5DEB /* notes.json */ = {isa = PBXFileReference; fileEncoding = 4; lastKnownFileType = text.json; path = notes.json; sourceTree = "<group>"; };
		9A879A3021501DE6000C5DEB /* Category.h */ = {isa = PBXFileReference; lastKnownFileType = sourcecode.c.h; path = Category.h; sourceTree = "<group>"; };
		9A89ACB82154388700061B67 /* WebServiceLoadingStrategy.h */ = {isa = PBXFileReference; lastKnownFileType = sourcecode.c.h; path = WebServiceLoadingStrategy.h; sourceTree = "<group>"; };
		9A89ACB92154388700061B67 /* WebServiceLoadingStrategy.m */ = {isa = PBXFileReference; lastKnownFileType = sourcecode.c.objc; path = WebServiceLoadingStrategy.m; sourceTree = "<group>"; };
		9AC94DE821557E1F00A221CD /* JSONParser.m */ = {isa = PBXFileReference; lastKnownFileType = sourcecode.c.objc; path = JSONParser.m; sourceTree = "<group>"; };
		9AC94DEA21557E3C00A221CD /* JSONParser.h */ = {isa = PBXFileReference; lastKnownFileType = sourcecode.c.h; path = JSONParser.h; sourceTree = "<group>"; };
		9ADC2A002152DCD70060A067 /* NoteTableCell.xib */ = {isa = PBXFileReference; lastKnownFileType = file.xib; path = NoteTableCell.xib; sourceTree = "<group>"; };
		9ADC2A022152E0980060A067 /* NoteTableCell.h */ = {isa = PBXFileReference; lastKnownFileType = sourcecode.c.h; path = NoteTableCell.h; sourceTree = "<group>"; };
		9ADC2A032152E0A70060A067 /* NoteTableCell.m */ = {isa = PBXFileReference; lastKnownFileType = sourcecode.c.objc; path = NoteTableCell.m; sourceTree = "<group>"; };
/* End PBXFileReference section */

/* Begin PBXFrameworksBuildPhase section */
		9A879A10214FFFCB000C5DEB /* Frameworks */ = {
			isa = PBXFrameworksBuildPhase;
			buildActionMask = 2147483647;
			files = (
			);
			runOnlyForDeploymentPostprocessing = 0;
		};
/* End PBXFrameworksBuildPhase section */

/* Begin PBXGroup section */
		9A222B8921502AC6006CD534 /* Persistence */ = {
			isa = PBXGroup;
			children = (
				9A222B8A21502B78006CD534 /* EntityManager.h */,
				9A222B8E2150372E006CD534 /* EntityManager.m */,
			);
			path = Persistence;
			sourceTree = "<group>";
		};
		9A2522DD215140BF00910007 /* Entities */ = {
			isa = PBXGroup;
			children = (
				9A222B862150272D006CD534 /* Note.h */,
				9A222B8721502924006CD534 /* Note.m */,
				9A879A3021501DE6000C5DEB /* Category.h */,
				9A222B8421502501006CD534 /* Category.m */,
			);
			path = Entities;
			sourceTree = "<group>";
		};
		9A879A0A214FFFCB000C5DEB = {
			isa = PBXGroup;
			children = (
				9A879A15214FFFCB000C5DEB /* Notesapp */,
				9A879A14214FFFCB000C5DEB /* Products */,
			);
			sourceTree = "<group>";
		};
		9A879A14214FFFCB000C5DEB /* Products */ = {
			isa = PBXGroup;
			children = (
				9A879A13214FFFCB000C5DEB /* Notesapp.app */,
			);
			name = Products;
			sourceTree = "<group>";
		};
		9A879A15214FFFCB000C5DEB /* Notesapp */ = {
			isa = PBXGroup;
			children = (
				9A879A2E21501D8B000C5DEB /* Models */,
				9ADC29FE2152DC640060A067 /* Views */,
				9ADC29FF2152DC780060A067 /* Controllers */,
				9A89ACB121542D2A00061B67 /* Utilities */,
				9A879A16214FFFCB000C5DEB /* AppDelegate.h */,
				9A879A2C2150072A000C5DEB /* notes.json */,
				9A879A17214FFFCB000C5DEB /* AppDelegate.m */,
				9A879A25214FFFCC000C5DEB /* main.m */,
				9A879A24214FFFCC000C5DEB /* Info.plist */,
				9A879A1F214FFFCC000C5DEB /* Assets.xcassets */,
			);
			path = Notesapp;
			sourceTree = "<group>";
		};
		9A879A2E21501D8B000C5DEB /* Models */ = {
			isa = PBXGroup;
			children = (
				9A2522DD215140BF00910007 /* Entities */,
				9A222B8921502AC6006CD534 /* Persistence */,
			);
			path = Models;
			sourceTree = "<group>";
		};
		9A89ACB121542D2A00061B67 /* Utilities */ = {
			isa = PBXGroup;
			children = (
				9A222B8B21502BE3006CD534 /* FileLoadingStrategy.h */,
				9A222B8C21502C98006CD534 /* FileLoadingStrategy.m */,
				9A89ACB82154388700061B67 /* WebServiceLoadingStrategy.h */,
				9A89ACB92154388700061B67 /* WebServiceLoadingStrategy.m */,
				9AC94DE821557E1F00A221CD /* JSONParser.m */,
				9AC94DEA21557E3C00A221CD /* JSONParser.h */,
				9A07C2DE2155854D00165DE3 /* LoadingStrategy.h */,
			);
			path = Utilities;
			sourceTree = "<group>";
		};
		9ADC29FE2152DC640060A067 /* Views */ = {
			isa = PBXGroup;
			children = (
				9A879A21214FFFCC000C5DEB /* LaunchScreen.storyboard */,
				9A879A1C214FFFCB000C5DEB /* Main.storyboard */,
				9ADC2A002152DCD70060A067 /* NoteTableCell.xib */,
				9ADC2A022152E0980060A067 /* NoteTableCell.h */,
				9ADC2A032152E0A70060A067 /* NoteTableCell.m */,
			);
			path = Views;
			sourceTree = "<group>";
		};
		9ADC29FF2152DC780060A067 /* Controllers */ = {
			isa = PBXGroup;
			children = (
				9A879A19214FFFCB000C5DEB /* MainViewController.h */,
				9A879A1A214FFFCB000C5DEB /* MainViewController.m */,
			);
			path = Controllers;
			sourceTree = "<group>";
		};
/* End PBXGroup section */

/* Begin PBXNativeTarget section */
		9A879A12214FFFCB000C5DEB /* Notesapp */ = {
			isa = PBXNativeTarget;
			buildConfigurationList = 9A879A29214FFFCC000C5DEB /* Build configuration list for PBXNativeTarget "Notesapp" */;
			buildPhases = (
				9A879A0F214FFFCB000C5DEB /* Sources */,
				9A879A10214FFFCB000C5DEB /* Frameworks */,
				9A879A11214FFFCB000C5DEB /* Resources */,
			);
			buildRules = (
			);
			dependencies = (
			);
			name = Notesapp;
			productName = Notesapp;
			productReference = 9A879A13214FFFCB000C5DEB /* Notesapp.app */;
			productType = "com.apple.product-type.application";
		};
/* End PBXNativeTarget section */

/* Begin PBXProject section */
		9A879A0B214FFFCB000C5DEB /* Project object */ = {
			isa = PBXProject;
			attributes = {
				KnownAssetTags = (
					1,
				);
				LastUpgradeCheck = 0940;
				ORGANIZATIONNAME = OrangeLoops;
				TargetAttributes = {
					9A879A12214FFFCB000C5DEB = {
						CreatedOnToolsVersion = 9.4.1;
					};
				};
			};
			buildConfigurationList = 9A879A0E214FFFCB000C5DEB /* Build configuration list for PBXProject "Notesapp" */;
			compatibilityVersion = "Xcode 9.3";
			developmentRegion = en;
			hasScannedForEncodings = 0;
			knownRegions = (
				en,
				Base,
			);
			mainGroup = 9A879A0A214FFFCB000C5DEB;
			productRefGroup = 9A879A14214FFFCB000C5DEB /* Products */;
			projectDirPath = "";
			projectRoot = "";
			targets = (
				9A879A12214FFFCB000C5DEB /* Notesapp */,
			);
		};
/* End PBXProject section */

/* Begin PBXResourcesBuildPhase section */
		9A879A11214FFFCB000C5DEB /* Resources */ = {
			isa = PBXResourcesBuildPhase;
			buildActionMask = 2147483647;
			files = (
				9A879A23214FFFCC000C5DEB /* LaunchScreen.storyboard in Resources */,
				9A879A20214FFFCC000C5DEB /* Assets.xcassets in Resources */,
				9ADC2A012152DCD70060A067 /* NoteTableCell.xib in Resources */,
				9A879A1E214FFFCB000C5DEB /* Main.storyboard in Resources */,
				9A879A2D2150072A000C5DEB /* notes.json in Resources */,
			);
			runOnlyForDeploymentPostprocessing = 0;
		};
/* End PBXResourcesBuildPhase section */

/* Begin PBXSourcesBuildPhase section */
		9A879A0F214FFFCB000C5DEB /* Sources */ = {
			isa = PBXSourcesBuildPhase;
			buildActionMask = 2147483647;
			files = (
				9ADC2A042152E0A70060A067 /* NoteTableCell.m in Sources */,
				9A222B8821502924006CD534 /* Note.m in Sources */,
				9A879A1B214FFFCB000C5DEB /* MainViewController.m in Sources */,
				9A879A26214FFFCC000C5DEB /* main.m in Sources */,
				9A879A18214FFFCB000C5DEB /* AppDelegate.m in Sources */,
				9AC94DE921557E1F00A221CD /* JSONParser.m in Sources */,
				9A222B8D21502C98006CD534 /* FileLoadingStrategy.m in Sources */,
				9A89ACBA2154388700061B67 /* WebServiceLoadingStrategy.m in Sources */,
				9A222B8521502501006CD534 /* Category.m in Sources */,
				9A222B8F2150372E006CD534 /* EntityManager.m in Sources */,
			);
			runOnlyForDeploymentPostprocessing = 0;
		};
/* End PBXSourcesBuildPhase section */

/* Begin PBXVariantGroup section */
		9A879A1C214FFFCB000C5DEB /* Main.storyboard */ = {
			isa = PBXVariantGroup;
			children = (
				9A879A1D214FFFCB000C5DEB /* Base */,
			);
			name = Main.storyboard;
			sourceTree = "<group>";
		};
		9A879A21214FFFCC000C5DEB /* LaunchScreen.storyboard */ = {
			isa = PBXVariantGroup;
			children = (
				9A879A22214FFFCC000C5DEB /* Base */,
			);
			name = LaunchScreen.storyboard;
			sourceTree = "<group>";
		};
/* End PBXVariantGroup section */

/* Begin XCBuildConfiguration section */
		9A879A27214FFFCC000C5DEB /* Debug */ = {
			isa = XCBuildConfiguration;
			buildSettings = {
				ALWAYS_SEARCH_USER_PATHS = NO;
				CLANG_ANALYZER_NONNULL = YES;
				CLANG_ANALYZER_NUMBER_OBJECT_CONVERSION = YES_AGGRESSIVE;
				CLANG_CXX_LANGUAGE_STANDARD = "gnu++14";
				CLANG_CXX_LIBRARY = "libc++";
				CLANG_ENABLE_MODULES = YES;
				CLANG_ENABLE_OBJC_ARC = YES;
				CLANG_ENABLE_OBJC_WEAK = YES;
				CLANG_WARN_BLOCK_CAPTURE_AUTORELEASING = YES;
				CLANG_WARN_BOOL_CONVERSION = YES;
				CLANG_WARN_COMMA = YES;
				CLANG_WARN_CONSTANT_CONVERSION = YES;
				CLANG_WARN_DEPRECATED_OBJC_IMPLEMENTATIONS = YES;
				CLANG_WARN_DIRECT_OBJC_ISA_USAGE = YES_ERROR;
				CLANG_WARN_DOCUMENTATION_COMMENTS = YES;
				CLANG_WARN_EMPTY_BODY = YES;
				CLANG_WARN_ENUM_CONVERSION = YES;
				CLANG_WARN_INFINITE_RECURSION = YES;
				CLANG_WARN_INT_CONVERSION = YES;
				CLANG_WARN_NON_LITERAL_NULL_CONVERSION = YES;
				CLANG_WARN_OBJC_IMPLICIT_RETAIN_SELF = YES;
				CLANG_WARN_OBJC_LITERAL_CONVERSION = YES;
				CLANG_WARN_OBJC_ROOT_CLASS = YES_ERROR;
				CLANG_WARN_RANGE_LOOP_ANALYSIS = YES;
				CLANG_WARN_STRICT_PROTOTYPES = YES;
				CLANG_WARN_SUSPICIOUS_MOVE = YES;
				CLANG_WARN_UNGUARDED_AVAILABILITY = YES_AGGRESSIVE;
				CLANG_WARN_UNREACHABLE_CODE = YES;
				CLANG_WARN__DUPLICATE_METHOD_MATCH = YES;
				CODE_SIGN_IDENTITY = "iPhone Developer";
				COPY_PHASE_STRIP = NO;
				DEBUG_INFORMATION_FORMAT = dwarf;
				ENABLE_STRICT_OBJC_MSGSEND = YES;
				ENABLE_TESTABILITY = YES;
				GCC_C_LANGUAGE_STANDARD = gnu11;
				GCC_DYNAMIC_NO_PIC = NO;
				GCC_NO_COMMON_BLOCKS = YES;
				GCC_OPTIMIZATION_LEVEL = 0;
				GCC_PREPROCESSOR_DEFINITIONS = (
					"DEBUG=1",
					"$(inherited)",
				);
				GCC_WARN_64_TO_32_BIT_CONVERSION = YES;
				GCC_WARN_ABOUT_RETURN_TYPE = YES_ERROR;
				GCC_WARN_UNDECLARED_SELECTOR = YES;
				GCC_WARN_UNINITIALIZED_AUTOS = YES_AGGRESSIVE;
				GCC_WARN_UNUSED_FUNCTION = YES;
				GCC_WARN_UNUSED_VARIABLE = YES;
				IPHONEOS_DEPLOYMENT_TARGET = 11.4;
				MTL_ENABLE_DEBUG_INFO = YES;
				ONLY_ACTIVE_ARCH = YES;
				SDKROOT = iphoneos;
			};
			name = Debug;
		};
		9A879A28214FFFCC000C5DEB /* Release */ = {
			isa = XCBuildConfiguration;
			buildSettings = {
				ALWAYS_SEARCH_USER_PATHS = NO;
				CLANG_ANALYZER_NONNULL = YES;
				CLANG_ANALYZER_NUMBER_OBJECT_CONVERSION = YES_AGGRESSIVE;
				CLANG_CXX_LANGUAGE_STANDARD = "gnu++14";
				CLANG_CXX_LIBRARY = "libc++";
				CLANG_ENABLE_MODULES = YES;
				CLANG_ENABLE_OBJC_ARC = YES;
				CLANG_ENABLE_OBJC_WEAK = YES;
				CLANG_WARN_BLOCK_CAPTURE_AUTORELEASING = YES;
				CLANG_WARN_BOOL_CONVERSION = YES;
				CLANG_WARN_COMMA = YES;
				CLANG_WARN_CONSTANT_CONVERSION = YES;
				CLANG_WARN_DEPRECATED_OBJC_IMPLEMENTATIONS = YES;
				CLANG_WARN_DIRECT_OBJC_ISA_USAGE = YES_ERROR;
				CLANG_WARN_DOCUMENTATION_COMMENTS = YES;
				CLANG_WARN_EMPTY_BODY = YES;
				CLANG_WARN_ENUM_CONVERSION = YES;
				CLANG_WARN_INFINITE_RECURSION = YES;
				CLANG_WARN_INT_CONVERSION = YES;
				CLANG_WARN_NON_LITERAL_NULL_CONVERSION = YES;
				CLANG_WARN_OBJC_IMPLICIT_RETAIN_SELF = YES;
				CLANG_WARN_OBJC_LITERAL_CONVERSION = YES;
				CLANG_WARN_OBJC_ROOT_CLASS = YES_ERROR;
				CLANG_WARN_RANGE_LOOP_ANALYSIS = YES;
				CLANG_WARN_STRICT_PROTOTYPES = YES;
				CLANG_WARN_SUSPICIOUS_MOVE = YES;
				CLANG_WARN_UNGUARDED_AVAILABILITY = YES_AGGRESSIVE;
				CLANG_WARN_UNREACHABLE_CODE = YES;
				CLANG_WARN__DUPLICATE_METHOD_MATCH = YES;
				CODE_SIGN_IDENTITY = "iPhone Developer";
				COPY_PHASE_STRIP = NO;
				DEBUG_INFORMATION_FORMAT = "dwarf-with-dsym";
				ENABLE_NS_ASSERTIONS = NO;
				ENABLE_STRICT_OBJC_MSGSEND = YES;
				GCC_C_LANGUAGE_STANDARD = gnu11;
				GCC_NO_COMMON_BLOCKS = YES;
				GCC_WARN_64_TO_32_BIT_CONVERSION = YES;
				GCC_WARN_ABOUT_RETURN_TYPE = YES_ERROR;
				GCC_WARN_UNDECLARED_SELECTOR = YES;
				GCC_WARN_UNINITIALIZED_AUTOS = YES_AGGRESSIVE;
				GCC_WARN_UNUSED_FUNCTION = YES;
				GCC_WARN_UNUSED_VARIABLE = YES;
				IPHONEOS_DEPLOYMENT_TARGET = 11.4;
				MTL_ENABLE_DEBUG_INFO = NO;
				SDKROOT = iphoneos;
				VALIDATE_PRODUCT = YES;
			};
			name = Release;
		};
		9A879A2A214FFFCC000C5DEB /* Debug */ = {
			isa = XCBuildConfiguration;
			buildSettings = {
				ASSETCATALOG_COMPILER_APPICON_NAME = AppIcon;
				CODE_SIGN_STYLE = Automatic;
				INFOPLIST_FILE = Notesapp/Info.plist;
				LD_RUNPATH_SEARCH_PATHS = (
					"$(inherited)",
					"@executable_path/Frameworks",
				);
				PRODUCT_BUNDLE_IDENTIFIER = com.orangeloops.Notesapp;
				PRODUCT_NAME = "$(TARGET_NAME)";
				TARGETED_DEVICE_FAMILY = "1,2";
			};
			name = Debug;
		};
		9A879A2B214FFFCC000C5DEB /* Release */ = {
			isa = XCBuildConfiguration;
			buildSettings = {
				ASSETCATALOG_COMPILER_APPICON_NAME = AppIcon;
				CODE_SIGN_STYLE = Automatic;
				INFOPLIST_FILE = Notesapp/Info.plist;
				LD_RUNPATH_SEARCH_PATHS = (
					"$(inherited)",
					"@executable_path/Frameworks",
				);
				PRODUCT_BUNDLE_IDENTIFIER = com.orangeloops.Notesapp;
				PRODUCT_NAME = "$(TARGET_NAME)";
				TARGETED_DEVICE_FAMILY = "1,2";
			};
			name = Release;
		};
/* End XCBuildConfiguration section */

/* Begin XCConfigurationList section */
		9A879A0E214FFFCB000C5DEB /* Build configuration list for PBXProject "Notesapp" */ = {
			isa = XCConfigurationList;
			buildConfigurations = (
				9A879A27214FFFCC000C5DEB /* Debug */,
				9A879A28214FFFCC000C5DEB /* Release */,
			);
			defaultConfigurationIsVisible = 0;
			defaultConfigurationName = Release;
		};
		9A879A29214FFFCC000C5DEB /* Build configuration list for PBXNativeTarget "Notesapp" */ = {
			isa = XCConfigurationList;
			buildConfigurations = (
				9A879A2A214FFFCC000C5DEB /* Debug */,
				9A879A2B214FFFCC000C5DEB /* Release */,
			);
			defaultConfigurationIsVisible = 0;
			defaultConfigurationName = Release;
		};
/* End XCConfigurationList section */
	};
	rootObject = 9A879A0B214FFFCB000C5DEB /* Project object */;
}
